
Microsoft Visual Studio Solution File, Format Version 12.00
Project("{FAE04EC0-301F-11D3-BF4B-00C04F79EFBC}") = "AbstractClasses", "AbstractClasses\AbstractClasses.csproj", "{ED883D15-6548-46FE-B235-8358618D940E}"
EndProject
Project("{FAE04EC0-301F-11D3-BF4B-00C04F79EFBC}") = "Interfaces", "Interfaces\Interfaces.csproj", "{F1F65FD4-2905-4712-B678-CDD0CAE02662}"
EndProject
Global
	GlobalSection(SolutionConfigurationPlatforms) = preSolution
		Debug|Any CPU = Debug|Any CPU
		Release|Any CPU = Release|Any CPU
	EndGlobalSection
	GlobalSection(ProjectConfigurationPlatforms) = postSolution
		{ED883D15-6548-46FE-B235-8358618D940E}.Debug|Any CPU.ActiveCfg = Debug|Any CPU
		{ED883D15-6548-46FE-B235-8358618D940E}.Debug|Any CPU.Build.0 = Debug|Any CPU
		{ED883D15-6548-46FE-B235-8358618D940E}.Release|Any CPU.ActiveCfg = Release|Any CPU
		{ED883D15-6548-46FE-B235-8358618D940E}.Release|Any CPU.Build.0 = Release|Any CPU
		{F1F65FD4-2905-4712-B678-CDD0CAE02662}.Debug|Any CPU.ActiveCfg = Debug|Any CPU
		{F1F65FD4-2905-4712-B678-CDD0CAE02662}.Debug|Any CPU.Build.0 = Debug|Any CPU
		{F1F65FD4-2905-4712-B678-CDD0CAE02662}.Release|Any CPU.ActiveCfg = Release|Any CPU
		{F1F65FD4-2905-4712-B678-CDD0CAE02662}.Release|Any CPU.Build.0 = Release|Any CPU
	EndGlobalSection
EndGlobal
